// !$*UTF8*$!
{
	archiveVersion = 1;
	classes = {
	};
	objectVersion = 50;
	objects = {

/* Begin PBXBuildFile section */
		18BD958922C1135700E3E047 /* AppDelegate.swift in Sources */ = {isa = PBXBuildFile; fileRef = 18BD958822C1135700E3E047 /* AppDelegate.swift */; };
		18BD958B22C1135700E3E047 /* ViewController.swift in Sources */ = {isa = PBXBuildFile; fileRef = 18BD958A22C1135700E3E047 /* ViewController.swift */; };
		18BD958E22C1135700E3E047 /* Main.storyboard in Resources */ = {isa = PBXBuildFile; fileRef = 18BD958C22C1135700E3E047 /* Main.storyboard */; };
		18BD959022C1135700E3E047 /* Assets.xcassets in Resources */ = {isa = PBXBuildFile; fileRef = 18BD958F22C1135700E3E047 /* Assets.xcassets */; };
		18BD959322C1135700E3E047 /* LaunchScreen.storyboard in Resources */ = {isa = PBXBuildFile; fileRef = 18BD959122C1135700E3E047 /* LaunchScreen.storyboard */; };
		18BD959E22C1135700E3E047 /* CameraPracticeTests.swift in Sources */ = {isa = PBXBuildFile; fileRef = 18BD959D22C1135700E3E047 /* CameraPracticeTests.swift */; };
		18BD95A922C1135800E3E047 /* CameraPracticeUITests.swift in Sources */ = {isa = PBXBuildFile; fileRef = 18BD95A822C1135800E3E047 /* CameraPracticeUITests.swift */; };
/* End PBXBuildFile section */

/* Begin PBXContainerItemProxy section */
		18BD959A22C1135700E3E047 /* PBXContainerItemProxy */ = {
			isa = PBXContainerItemProxy;
			containerPortal = 18BD957D22C1135600E3E047 /* Project object */;
			proxyType = 1;
			remoteGlobalIDString = 18BD958422C1135600E3E047;
			remoteInfo = CameraPractice;
		};
		18BD95A522C1135700E3E047 /* PBXContainerItemProxy */ = {
			isa = PBXContainerItemProxy;
			containerPortal = 18BD957D22C1135600E3E047 /* Project object */;
			proxyType = 1;
			remoteGlobalIDString = 18BD958422C1135600E3E047;
			remoteInfo = CameraPractice;
		};
/* End PBXContainerItemProxy section */

/* Begin PBXFileReference section */
		18BD958522C1135700E3E047 /* CameraPractice.app */ = {isa = PBXFileReference; explicitFileType = wrapper.application; includeInIndex = 0; path = CameraPractice.app; sourceTree = BUILT_PRODUCTS_DIR; };
		18BD958822C1135700E3E047 /* AppDelegate.swift */ = {isa = PBXFileReference; lastKnownFileType = sourcecode.swift; path = AppDelegate.swift; sourceTree = "<group>"; };
		18BD958A22C1135700E3E047 /* ViewController.swift */ = {isa = PBXFileReference; lastKnownFileType = sourcecode.swift; path = ViewController.swift; sourceTree = "<group>"; };
		18BD958D22C1135700E3E047 /* Base */ = {isa = PBXFileReference; lastKnownFileType = file.storyboard; name = Base; path = Base.lproj/Main.storyboard; sourceTree = "<group>"; };
		18BD958F22C1135700E3E047 /* Assets.xcassets */ = {isa = PBXFileReference; lastKnownFileType = folder.assetcatalog; path = Assets.xcassets; sourceTree = "<group>"; };
		18BD959222C1135700E3E047 /* Base */ = {isa = PBXFileReference; lastKnownFileType = file.storyboard; name = Base; path = Base.lproj/LaunchScreen.storyboard; sourceTree = "<group>"; };
		18BD959422C1135700E3E047 /* Info.plist */ = {isa = PBXFileReference; lastKnownFileType = text.plist.xml; path = Info.plist; sourceTree = "<group>"; };
		18BD959922C1135700E3E047 /* CameraPracticeTests.xctest */ = {isa = PBXFileReference; explicitFileType = wrapper.cfbundle; includeInIndex = 0; path = CameraPracticeTests.xctest; sourceTree = BUILT_PRODUCTS_DIR; };
		18BD959D22C1135700E3E047 /* CameraPracticeTests.swift */ = {isa = PBXFileReference; lastKnownFileType = sourcecode.swift; path = CameraPracticeTests.swift; sourceTree = "<group>"; };
		18BD959F22C1135700E3E047 /* Info.plist */ = {isa = PBXFileReference; lastKnownFileType = text.plist.xml; path = Info.plist; sourceTree = "<group>"; };
		18BD95A422C1135700E3E047 /* CameraPracticeUITests.xctest */ = {isa = PBXFileReference; explicitFileType = wrapper.cfbundle; includeInIndex = 0; path = CameraPracticeUITests.xctest; sourceTree = BUILT_PRODUCTS_DIR; };
		18BD95A822C1135800E3E047 /* CameraPracticeUITests.swift */ = {isa = PBXFileReference; lastKnownFileType = sourcecode.swift; path = CameraPracticeUITests.swift; sourceTree = "<group>"; };
		18BD95AA22C1135800E3E047 /* Info.plist */ = {isa = PBXFileReference; lastKnownFileType = text.plist.xml; path = Info.plist; sourceTree = "<group>"; };
/* End PBXFileReference section */

/* Begin PBXFrameworksBuildPhase section */
		18BD958222C1135600E3E047 /* Frameworks */ = {
			isa = PBXFrameworksBuildPhase;
			buildActionMask = 2147483647;
			files = (
			);
			runOnlyForDeploymentPostprocessing = 0;
		};
		18BD959622C1135700E3E047 /* Frameworks */ = {
			isa = PBXFrameworksBuildPhase;
			buildActionMask = 2147483647;
			files = (
			);
			runOnlyForDeploymentPostprocessing = 0;
		};
		18BD95A122C1135700E3E047 /* Frameworks */ = {
			isa = PBXFrameworksBuildPhase;
			buildActionMask = 2147483647;
			files = (
			);
			runOnlyForDeploymentPostprocessing = 0;
		};
/* End PBXFrameworksBuildPhase section */

/* Begin PBXGroup section */
		18BD957C22C1135600E3E047 = {
			isa = PBXGroup;
			children = (
				18BD958722C1135700E3E047 /* CameraPractice */,
				18BD959C22C1135700E3E047 /* CameraPracticeTests */,
				18BD95A722C1135700E3E047 /* CameraPracticeUITests */,
				18BD958622C1135700E3E047 /* Products */,
			);
			sourceTree = "<group>";
		};
		18BD958622C1135700E3E047 /* Products */ = {
			isa = PBXGroup;
			children = (
				18BD958522C1135700E3E047 /* CameraPractice.app */,
				18BD959922C1135700E3E047 /* CameraPracticeTests.xctest */,
				18BD95A422C1135700E3E047 /* CameraPracticeUITests.xctest */,
			);
			name = Products;
			sourceTree = "<group>";
		};
		18BD958722C1135700E3E047 /* CameraPractice */ = {
			isa = PBXGroup;
			children = (
				18BD958822C1135700E3E047 /* AppDelegate.swift */,
				18BD958A22C1135700E3E047 /* ViewController.swift */,
				18BD958C22C1135700E3E047 /* Main.storyboard */,
				18BD958F22C1135700E3E047 /* Assets.xcassets */,
				18BD959122C1135700E3E047 /* LaunchScreen.storyboard */,
				18BD959422C1135700E3E047 /* Info.plist */,
			);
			path = CameraPractice;
			sourceTree = "<group>";
		};
		18BD959C22C1135700E3E047 /* CameraPracticeTests */ = {
			isa = PBXGroup;
			children = (
				18BD959D22C1135700E3E047 /* CameraPracticeTests.swift */,
				18BD959F22C1135700E3E047 /* Info.plist */,
			);
			path = CameraPracticeTests;
			sourceTree = "<group>";
		};
		18BD95A722C1135700E3E047 /* CameraPracticeUITests */ = {
			isa = PBXGroup;
			children = (
				18BD95A822C1135800E3E047 /* CameraPracticeUITests.swift */,
				18BD95AA22C1135800E3E047 /* Info.plist */,
			);
			path = CameraPracticeUITests;
			sourceTree = "<group>";
		};
/* End PBXGroup section */

/* Begin PBXNativeTarget section */
		18BD958422C1135600E3E047 /* CameraPractice */ = {
			isa = PBXNativeTarget;
			buildConfigurationList = 18BD95AD22C1135800E3E047 /* Build configuration list for PBXNativeTarget "CameraPractice" */;
			buildPhases = (
				18BD958122C1135600E3E047 /* Sources */,
				18BD958222C1135600E3E047 /* Frameworks */,
				18BD958322C1135600E3E047 /* Resources */,
			);
			buildRules = (
			);
			dependencies = (
			);
			name = CameraPractice;
			productName = CameraPractice;
			productReference = 18BD958522C1135700E3E047 /* CameraPractice.app */;
			productType = "com.apple.product-type.application";
		};
		18BD959822C1135700E3E047 /* CameraPracticeTests */ = {
			isa = PBXNativeTarget;
			buildConfigurationList = 18BD95B022C1135800E3E047 /* Build configuration list for PBXNativeTarget "CameraPracticeTests" */;
			buildPhases = (
				18BD959522C1135700E3E047 /* Sources */,
				18BD959622C1135700E3E047 /* Frameworks */,
				18BD959722C1135700E3E047 /* Resources */,
			);
			buildRules = (
			);
			dependencies = (
				18BD959B22C1135700E3E047 /* PBXTargetDependency */,
			);
			name = CameraPracticeTests;
			productName = CameraPracticeTests;
			productReference = 18BD959922C1135700E3E047 /* CameraPracticeTests.xctest */;
			productType = "com.apple.product-type.bundle.unit-test";
		};
		18BD95A322C1135700E3E047 /* CameraPracticeUITests */ = {
			isa = PBXNativeTarget;
			buildConfigurationList = 18BD95B322C1135800E3E047 /* Build configuration list for PBXNativeTarget "CameraPracticeUITests" */;
			buildPhases = (
				18BD95A022C1135700E3E047 /* Sources */,
				18BD95A122C1135700E3E047 /* Frameworks */,
				18BD95A222C1135700E3E047 /* Resources */,
			);
			buildRules = (
			);
			dependencies = (
				18BD95A622C1135700E3E047 /* PBXTargetDependency */,
			);
			name = CameraPracticeUITests;
			productName = CameraPracticeUITests;
			productReference = 18BD95A422C1135700E3E047 /* CameraPracticeUITests.xctest */;
			productType = "com.apple.product-type.bundle.ui-testing";
		};
/* End PBXNativeTarget section */

/* Begin PBXProject section */
		18BD957D22C1135600E3E047 /* Project object */ = {
			isa = PBXProject;
			attributes = {
				LastSwiftUpdateCheck = 1020;
				LastUpgradeCheck = 1020;
				ORGANIZATIONNAME = Apple;
				TargetAttributes = {
					18BD958422C1135600E3E047 = {
						CreatedOnToolsVersion = 10.2.1;
					};
					18BD959822C1135700E3E047 = {
						CreatedOnToolsVersion = 10.2.1;
						TestTargetID = 18BD958422C1135600E3E047;
					};
					18BD95A322C1135700E3E047 = {
						CreatedOnToolsVersion = 10.2.1;
						TestTargetID = 18BD958422C1135600E3E047;
					};
				};
			};
			buildConfigurationList = 18BD958022C1135600E3E047 /* Build configuration list for PBXProject "CameraPractice" */;
			compatibilityVersion = "Xcode 9.3";
			developmentRegion = en;
			hasScannedForEncodings = 0;
			knownRegions = (
				en,
				Base,
			);
			mainGroup = 18BD957C22C1135600E3E047;
			productRefGroup = 18BD958622C1135700E3E047 /* Products */;
			projectDirPath = "";
			projectRoot = "";
			targets = (
				18BD958422C1135600E3E047 /* CameraPractice */,
				18BD959822C1135700E3E047 /* CameraPracticeTests */,
				18BD95A322C1135700E3E047 /* CameraPracticeUITests */,
			);
		};
/* End PBXProject section */

/* Begin PBXResourcesBuildPhase section */
		18BD958322C1135600E3E047 /* Resources */ = {
			isa = PBXResourcesBuildPhase;
			buildActionMask = 2147483647;
			files = (
				18BD959322C1135700E3E047 /* LaunchScreen.storyboard in Resources */,
				18BD959022C1135700E3E047 /* Assets.xcassets in Resources */,
				18BD958E22C1135700E3E047 /* Main.storyboard in Resources */,
			);
			runOnlyForDeploymentPostprocessing = 0;
		};
		18BD959722C1135700E3E047 /* Resources */ = {
			isa = PBXResourcesBuildPhase;
			buildActionMask = 2147483647;
			files = (
			);
			runOnlyForDeploymentPostprocessing = 0;
		};
		18BD95A222C1135700E3E047 /* Resources */ = {
			isa = PBXResourcesBuildPhase;
			buildActionMask = 2147483647;
			files = (
			);
			runOnlyForDeploymentPostprocessing = 0;
		};
/* End PBXResourcesBuildPhase section */

/* Begin PBXSourcesBuildPhase section */
		18BD958122C1135600E3E047 /* Sources */ = {
			isa = PBXSourcesBuildPhase;
			buildActionMask = 2147483647;
			files = (
				18BD958B22C1135700E3E047 /* ViewController.swift in Sources */,
				18BD958922C1135700E3E047 /* AppDelegate.swift in Sources */,
			);
			runOnlyForDeploymentPostprocessing = 0;
		};
		18BD959522C1135700E3E047 /* Sources */ = {
			isa = PBXSourcesBuildPhase;
			buildActionMask = 2147483647;
			files = (
				18BD959E22C1135700E3E047 /* CameraPracticeTests.swift in Sources */,
			);
			runOnlyForDeploymentPostprocessing = 0;
		};
		18BD95A022C1135700E3E047 /* Sources */ = {
			isa = PBXSourcesBuildPhase;
			buildActionMask = 2147483647;
			files = (
				18BD95A922C1135800E3E047 /* CameraPracticeUITests.swift in Sources */,
			);
			runOnlyForDeploymentPostprocessing = 0;
		};
/* End PBXSourcesBuildPhase section */

/* Begin PBXTargetDependency section */
		18BD959B22C1135700E3E047 /* PBXTargetDependency */ = {
			isa = PBXTargetDependency;
			target = 18BD958422C1135600E3E047 /* CameraPractice */;
			targetProxy = 18BD959A22C1135700E3E047 /* PBXContainerItemProxy */;
		};
		18BD95A622C1135700E3E047 /* PBXTargetDependency */ = {
			isa = PBXTargetDependency;
			target = 18BD958422C1135600E3E047 /* CameraPractice */;
			targetProxy = 18BD95A522C1135700E3E047 /* PBXContainerItemProxy */;
		};
/* End PBXTargetDependency section */

/* Begin PBXVariantGroup section */
		18BD958C22C1135700E3E047 /* Main.storyboard */ = {
			isa = PBXVariantGroup;
			children = (
				18BD958D22C1135700E3E047 /* Base */,
			);
			name = Main.storyboard;
			sourceTree = "<group>";
		};
		18BD959122C1135700E3E047 /* LaunchScreen.storyboard */ = {
			isa = PBXVariantGroup;
			children = (
				18BD959222C1135700E3E047 /* Base */,
			);
			name = LaunchScreen.storyboard;
			sourceTree = "<group>";
		};
/* End PBXVariantGroup section */

/* Begin XCBuildConfiguration section */
		18BD95AB22C1135800E3E047 /* Debug */ = {
			isa = XCBuildConfiguration;
			buildSettings = {
				ALWAYS_SEARCH_USER_PATHS = NO;
				CLANG_ANALYZER_NONNULL = YES;
				CLANG_ANALYZER_NUMBER_OBJECT_CONVERSION = YES_AGGRESSIVE;
				CLANG_CXX_LANGUAGE_STANDARD = "gnu++14";
				CLANG_CXX_LIBRARY = "libc++";
				CLANG_ENABLE_MODULES = YES;
				CLANG_ENABLE_OBJC_ARC = YES;
				CLANG_ENABLE_OBJC_WEAK = YES;
				CLANG_WARN_BLOCK_CAPTURE_AUTORELEASING = YES;
				CLANG_WARN_BOOL_CONVERSION = YES;
				CLANG_WARN_COMMA = YES;
				CLANG_WARN_CONSTANT_CONVERSION = YES;
				CLANG_WARN_DEPRECATED_OBJC_IMPLEMENTATIONS = YES;
				CLANG_WARN_DIRECT_OBJC_ISA_USAGE = YES_ERROR;
				CLANG_WARN_DOCUMENTATION_COMMENTS = YES;
				CLANG_WARN_EMPTY_BODY = YES;
				CLANG_WARN_ENUM_CONVERSION = YES;
				CLANG_WARN_INFINITE_RECURSION = YES;
				CLANG_WARN_INT_CONVERSION = YES;
				CLANG_WARN_NON_LITERAL_NULL_CONVERSION = YES;
				CLANG_WARN_OBJC_IMPLICIT_RETAIN_SELF = YES;
				CLANG_WARN_OBJC_LITERAL_CONVERSION = YES;
				CLANG_WARN_OBJC_ROOT_CLASS = YES_ERROR;
				CLANG_WARN_RANGE_LOOP_ANALYSIS = YES;
				CLANG_WARN_STRICT_PROTOTYPES = YES;
				CLANG_WARN_SUSPICIOUS_MOVE = YES;
				CLANG_WARN_UNGUARDED_AVAILABILITY = YES_AGGRESSIVE;
				CLANG_WARN_UNREACHABLE_CODE = YES;
				CLANG_WARN__DUPLICATE_METHOD_MATCH = YES;
				CODE_SIGN_IDENTITY = "iPhone Developer";
				COPY_PHASE_STRIP = NO;
				DEBUG_INFORMATION_FORMAT = dwarf;
				ENABLE_STRICT_OBJC_MSGSEND = YES;
				ENABLE_TESTABILITY = YES;
				GCC_C_LANGUAGE_STANDARD = gnu11;
				GCC_DYNAMIC_NO_PIC = NO;
				GCC_NO_COMMON_BLOCKS = YES;
				GCC_OPTIMIZATION_LEVEL = 0;
				GCC_PREPROCESSOR_DEFINITIONS = (
					"DEBUG=1",
					"$(inherited)",
				);
				GCC_WARN_64_TO_32_BIT_CONVERSION = YES;
				GCC_WARN_ABOUT_RETURN_TYPE = YES_ERROR;
				GCC_WARN_UNDECLARED_SELECTOR = YES;
				GCC_WARN_UNINITIALIZED_AUTOS = YES_AGGRESSIVE;
				GCC_WARN_UNUSED_FUNCTION = YES;
				GCC_WARN_UNUSED_VARIABLE = YES;
				IPHONEOS_DEPLOYMENT_TARGET = 12.2;
				MTL_ENABLE_DEBUG_INFO = INCLUDE_SOURCE;
				MTL_FAST_MATH = YES;
				ONLY_ACTIVE_ARCH = YES;
				SDKROOT = iphoneos;
				SWIFT_ACTIVE_COMPILATION_CONDITIONS = DEBUG;
				SWIFT_OPTIMIZATION_LEVEL = "-Onone";
			};
			name = Debug;
		};
		18BD95AC22C1135800E3E047 /* Release */ = {
			isa = XCBuildConfiguration;
			buildSettings = {
				ALWAYS_SEARCH_USER_PATHS = NO;
				CLANG_ANALYZER_NONNULL = YES;
				CLANG_ANALYZER_NUMBER_OBJECT_CONVERSION = YES_AGGRESSIVE;
				CLANG_CXX_LANGUAGE_STANDARD = "gnu++14";
				CLANG_CXX_LIBRARY = "libc++";
				CLANG_ENABLE_MODULES = YES;
				CLANG_ENABLE_OBJC_ARC = YES;
				CLANG_ENABLE_OBJC_WEAK = YES;
				CLANG_WARN_BLOCK_CAPTURE_AUTORELEASING = YES;
				CLANG_WARN_BOOL_CONVERSION = YES;
				CLANG_WARN_COMMA = YES;
				CLANG_WARN_CONSTANT_CONVERSION = YES;
				CLANG_WARN_DEPRECATED_OBJC_IMPLEMENTATIONS = YES;
				CLANG_WARN_DIRECT_OBJC_ISA_USAGE = YES_ERROR;
				CLANG_WARN_DOCUMENTATION_COMMENTS = YES;
				CLANG_WARN_EMPTY_BODY = YES;
				CLANG_WARN_ENUM_CONVERSION = YES;
				CLANG_WARN_INFINITE_RECURSION = YES;
				CLANG_WARN_INT_CONVERSION = YES;
				CLANG_WARN_NON_LITERAL_NULL_CONVERSION = YES;
				CLANG_WARN_OBJC_IMPLICIT_RETAIN_SELF = YES;
				CLANG_WARN_OBJC_LITERAL_CONVERSION = YES;
				CLANG_WARN_OBJC_ROOT_CLASS = YES_ERROR;
				CLANG_WARN_RANGE_LOOP_ANALYSIS = YES;
				CLANG_WARN_STRICT_PROTOTYPES = YES;
				CLANG_WARN_SUSPICIOUS_MOVE = YES;
				CLANG_WARN_UNGUARDED_AVAILABILITY = YES_AGGRESSIVE;
				CLANG_WARN_UNREACHABLE_CODE = YES;
				CLANG_WARN__DUPLICATE_METHOD_MATCH = YES;
				CODE_SIGN_IDENTITY = "iPhone Developer";
				COPY_PHASE_STRIP = NO;
				DEBUG_INFORMATION_FORMAT = "dwarf-with-dsym";
				ENABLE_NS_ASSERTIONS = NO;
				ENABLE_STRICT_OBJC_MSGSEND = YES;
				GCC_C_LANGUAGE_STANDARD = gnu11;
				GCC_NO_COMMON_BLOCKS = YES;
				GCC_WARN_64_TO_32_BIT_CONVERSION = YES;
				GCC_WARN_ABOUT_RETURN_TYPE = YES_ERROR;
				GCC_WARN_UNDECLARED_SELECTOR = YES;
				GCC_WARN_UNINITIALIZED_AUTOS = YES_AGGRESSIVE;
				GCC_WARN_UNUSED_FUNCTION = YES;
				GCC_WARN_UNUSED_VARIABLE = YES;
				IPHONEOS_DEPLOYMENT_TARGET = 12.2;
				MTL_ENABLE_DEBUG_INFO = NO;
				MTL_FAST_MATH = YES;
				SDKROOT = iphoneos;
				SWIFT_COMPILATION_MODE = wholemodule;
				SWIFT_OPTIMIZATION_LEVEL = "-O";
				VALIDATE_PRODUCT = YES;
			};
			name = Release;
		};
		18BD95AE22C1135800E3E047 /* Debug */ = {
			isa = XCBuildConfiguration;
			buildSettings = {
				ASSETCATALOG_COMPILER_APPICON_NAME = AppIcon;
				CODE_SIGN_STYLE = Automatic;
				INFOPLIST_FILE = CameraPractice/Info.plist;
				LD_RUNPATH_SEARCH_PATHS = (
					"$(inherited)",
					"@executable_path/Frameworks",
				);
				PRODUCT_BUNDLE_IDENTIFIER = JS.CameraPractice;
				PRODUCT_NAME = "$(TARGET_NAME)";
				SWIFT_VERSION = 5.0;
				TARGETED_DEVICE_FAMILY = "1,2";
			};
			name = Debug;
		};
		18BD95AF22C1135800E3E047 /* Release */ = {
			isa = XCBuildConfiguration;
			buildSettings = {
				ASSETCATALOG_COMPILER_APPICON_NAME = AppIcon;
				CODE_SIGN_STYLE = Automatic;
				INFOPLIST_FILE = CameraPractice/Info.plist;
				LD_RUNPATH_SEARCH_PATHS = (
					"$(inherited)",
					"@executable_path/Frameworks",
				);
				PRODUCT_BUNDLE_IDENTIFIER = JS.CameraPractice;
				PRODUCT_NAME = "$(TARGET_NAME)";
				SWIFT_VERSION = 5.0;
				TARGETED_DEVICE_FAMILY = "1,2";
			};
			name = Release;
		};
		18BD95B122C1135800E3E047 /* Debug */ = {
			isa = XCBuildConfiguration;
			buildSettings = {
				ALWAYS_EMBED_SWIFT_STANDARD_LIBRARIES = YES;
				BUNDLE_LOADER = "$(TEST_HOST)";
				CODE_SIGN_STYLE = Automatic;
				INFOPLIST_FILE = CameraPracticeTests/Info.plist;
				LD_RUNPATH_SEARCH_PATHS = (
					"$(inherited)",
					"@executable_path/Frameworks",
					"@loader_path/Frameworks",
				);
				PRODUCT_BUNDLE_IDENTIFIER = JS.CameraPracticeTests;
				PRODUCT_NAME = "$(TARGET_NAME)";
				SWIFT_VERSION = 5.0;
				TARGETED_DEVICE_FAMILY = "1,2";
				TEST_HOST = "$(BUILT_PRODUCTS_DIR)/CameraPractice.app/CameraPractice";
			};
			name = Debug;
		};
		18BD95B222C1135800E3E047 /* Release */ = {
			isa = XCBuildConfiguration;
			buildSettings = {
				ALWAYS_EMBED_SWIFT_STANDARD_LIBRARIES = YES;
				BUNDLE_LOADER = "$(TEST_HOST)";
				CODE_SIGN_STYLE = Automatic;
				INFOPLIST_FILE = CameraPracticeTests/Info.plist;
				LD_RUNPATH_SEARCH_PATHS = (
					"$(inherited)",
					"@executable_path/Frameworks",
					"@loader_path/Frameworks",
				);
				PRODUCT_BUNDLE_IDENTIFIER = JS.CameraPracticeTests;
				PRODUCT_NAME = "$(TARGET_NAME)";
				SWIFT_VERSION = 5.0;
				TARGETED_DEVICE_FAMILY = "1,2";
				TEST_HOST = "$(BUILT_PRODUCTS_DIR)/CameraPractice.app/CameraPractice";
			};
			name = Release;
		};
		18BD95B422C1135800E3E047 /* Debug */ = {
			isa = XCBuildConfiguration;
			buildSettings = {
				ALWAYS_EMBED_SWIFT_STANDARD_LIBRARIES = YES;
				CODE_SIGN_STYLE = Automatic;
				INFOPLIST_FILE = CameraPracticeUITests/Info.plist;
				LD_RUNPATH_SEARCH_PATHS = (
					"$(inherited)",
					"@executable_path/Frameworks",
					"@loader_path/Frameworks",
				);
				PRODUCT_BUNDLE_IDENTIFIER = JS.CameraPracticeUITests;
				PRODUCT_NAME = "$(TARGET_NAME)";
				SWIFT_VERSION = 5.0;
				TARGETED_DEVICE_FAMILY = "1,2";
				TEST_TARGET_NAME = CameraPractice;
			};
			name = Debug;
		};
		18BD95B522C1135800E3E047 /* Release */ = {
			isa = XCBuildConfiguration;
			buildSettings = {
				ALWAYS_EMBED_SWIFT_STANDARD_LIBRARIES = YES;
				CODE_SIGN_STYLE = Automatic;
				INFOPLIST_FILE = CameraPracticeUITests/Info.plist;
				LD_RUNPATH_SEARCH_PATHS = (
					"$(inherited)",
					"@executable_path/Frameworks",
					"@loader_path/Frameworks",
				);
				PRODUCT_BUNDLE_IDENTIFIER = JS.CameraPracticeUITests;
				PRODUCT_NAME = "$(TARGET_NAME)";
				SWIFT_VERSION = 5.0;
				TARGETED_DEVICE_FAMILY = "1,2";
				TEST_TARGET_NAME = CameraPractice;
			};
			name = Release;
		};
/* End XCBuildConfiguration section */

/* Begin XCConfigurationList section */
		18BD958022C1135600E3E047 /* Build configuration list for PBXProject "CameraPractice" */ = {
			isa = XCConfigurationList;
			buildConfigurations = (
				18BD95AB22C1135800E3E047 /* Debug */,
				18BD95AC22C1135800E3E047 /* Release */,
			);
			defaultConfigurationIsVisible = 0;
			defaultConfigurationName = Release;
		};
		18BD95AD22C1135800E3E047 /* Build configuration list for PBXNativeTarget "CameraPractice" */ = {
			isa = XCConfigurationList;
			buildConfigurations = (
				18BD95AE22C1135800E3E047 /* Debug */,
				18BD95AF22C1135800E3E047 /* Release */,
			);
			defaultConfigurationIsVisible = 0;
			defaultConfigurationName = Release;
		};
		18BD95B022C1135800E3E047 /* Build configuration list for PBXNativeTarget "CameraPracticeTests" */ = {
			isa = XCConfigurationList;
			buildConfigurations = (
				18BD95B122C1135800E3E047 /* Debug */,
				18BD95B222C1135800E3E047 /* Release */,
			);
			defaultConfigurationIsVisible = 0;
			defaultConfigurationName = Release;
		};
		18BD95B322C1135800E3E047 /* Build configuration list for PBXNativeTarget "CameraPracticeUITests" */ = {
			isa = XCConfigurationList;
			buildConfigurations = (
				18BD95B422C1135800E3E047 /* Debug */,
				18BD95B522C1135800E3E047 /* Release */,
			);
			defaultConfigurationIsVisible = 0;
			defaultConfigurationName = Release;
		};
/* End XCConfigurationList section */
	};
	rootObject = 18BD957D22C1135600E3E047 /* Project object */;
}
